// !$*UTF8*$!
{
	archiveVersion = 1;
	classes = {
	};
	objectVersion = 48;
	objects = {

/* Begin PBXBuildFile section */
		3719E9721FA0591500E054EC /* AppDelegate.swift in Sources */ = {isa = PBXBuildFile; fileRef = 3719E9711FA0591500E054EC /* AppDelegate.swift */; };
		3719E9791FA0591500E054EC /* Main.storyboard in Resources */ = {isa = PBXBuildFile; fileRef = 3719E9771FA0591500E054EC /* Main.storyboard */; };
		3719E97B1FA0591500E054EC /* Assets.xcassets in Resources */ = {isa = PBXBuildFile; fileRef = 3719E97A1FA0591500E054EC /* Assets.xcassets */; };
		3719E97E1FA0591500E054EC /* LaunchScreen.storyboard in Resources */ = {isa = PBXBuildFile; fileRef = 3719E97C1FA0591500E054EC /* LaunchScreen.storyboard */; };
		3730C26F1FFB5B0F00184D2B /* Enum.swift in Sources */ = {isa = PBXBuildFile; fileRef = 3730C26E1FFB5B0F00184D2B /* Enum.swift */; };
		3730C2731FFB713600184D2B /* Utility.swift in Sources */ = {isa = PBXBuildFile; fileRef = 3730C2721FFB713600184D2B /* Utility.swift */; };
		373515E0212550C400F2193A /* AddsViewModel.swift in Sources */ = {isa = PBXBuildFile; fileRef = 373515DD212550C400F2193A /* AddsViewModel.swift */; };
		373515E1212550C400F2193A /* AddsViewPresenter.swift in Sources */ = {isa = PBXBuildFile; fileRef = 373515DE212550C400F2193A /* AddsViewPresenter.swift */; };
		373515E2212550C400F2193A /* AddsViewController.swift in Sources */ = {isa = PBXBuildFile; fileRef = 373515DF212550C400F2193A /* AddsViewController.swift */; };
		374AA6CE215E068E00E37686 /* PrivacyPolicyViewController.swift in Sources */ = {isa = PBXBuildFile; fileRef = 374AA6CB215E068D00E37686 /* PrivacyPolicyViewController.swift */; };
		374AA6CF215E068E00E37686 /* PrivacyPolicyViewModel.swift in Sources */ = {isa = PBXBuildFile; fileRef = 374AA6CC215E068D00E37686 /* PrivacyPolicyViewModel.swift */; };
		374AA6D0215E068E00E37686 /* PrivacyPolicyViewPresenter.swift in Sources */ = {isa = PBXBuildFile; fileRef = 374AA6CD215E068D00E37686 /* PrivacyPolicyViewPresenter.swift */; };
		374AA6D5215E0C4F00E37686 /* ContactViewModel.swift in Sources */ = {isa = PBXBuildFile; fileRef = 374AA6D2215E0C4F00E37686 /* ContactViewModel.swift */; };
		374AA6D6215E0C4F00E37686 /* ContactViewPresenter.swift in Sources */ = {isa = PBXBuildFile; fileRef = 374AA6D3215E0C4F00E37686 /* ContactViewPresenter.swift */; };
		374AA6D7215E0C4F00E37686 /* ContactViewController.swift in Sources */ = {isa = PBXBuildFile; fileRef = 374AA6D4215E0C4F00E37686 /* ContactViewController.swift */; };
		375F9632212292CA00781A13 /* SmokeDataEditModel.swift in Sources */ = {isa = PBXBuildFile; fileRef = 375F962F212292C900781A13 /* SmokeDataEditModel.swift */; };
		375F9633212292CA00781A13 /* SmokeListEditViewController.swift in Sources */ = {isa = PBXBuildFile; fileRef = 375F9630212292C900781A13 /* SmokeListEditViewController.swift */; };
		375F9634212292CA00781A13 /* SmokeDataEditPresenter.swift in Sources */ = {isa = PBXBuildFile; fileRef = 375F9631212292CA00781A13 /* SmokeDataEditPresenter.swift */; };
		3766A0E0215ED06300530A73 /* UserSettingViewPresenter.swift in Sources */ = {isa = PBXBuildFile; fileRef = 3766A0DD215ED06300530A73 /* UserSettingViewPresenter.swift */; };
		3766A0E1215ED06300530A73 /* UserSettingViewModel.swift in Sources */ = {isa = PBXBuildFile; fileRef = 3766A0DE215ED06300530A73 /* UserSettingViewModel.swift */; };
		3766A0E2215ED06300530A73 /* UserSettingViewController.swift in Sources */ = {isa = PBXBuildFile; fileRef = 3766A0DF215ED06300530A73 /* UserSettingViewController.swift */; };
		3766A0E4215ED1B400530A73 /* UserSettingViewEntity.swift in Sources */ = {isa = PBXBuildFile; fileRef = 3766A0E3215ED1B400530A73 /* UserSettingViewEntity.swift */; };
		3766A0E9215EDAE900530A73 /* SensorSettingViewEntity.swift in Sources */ = {isa = PBXBuildFile; fileRef = 3766A0E5215EDAE900530A73 /* SensorSettingViewEntity.swift */; };
		3766A0EA215EDAE900530A73 /* SensorSettingViewModel.swift in Sources */ = {isa = PBXBuildFile; fileRef = 3766A0E6215EDAE900530A73 /* SensorSettingViewModel.swift */; };
		3766A0EB215EDAE900530A73 /* SensorSettingViewController.swift in Sources */ = {isa = PBXBuildFile; fileRef = 3766A0E7215EDAE900530A73 /* SensorSettingViewController.swift */; };
		3766A0EC215EDAE900530A73 /* SensorSettingViewPresenter.swift in Sources */ = {isa = PBXBuildFile; fileRef = 3766A0E8215EDAE900530A73 /* SensorSettingViewPresenter.swift */; };
		376DAE6C212096590040B3D8 /* SignUpViewPresenter.swift in Sources */ = {isa = PBXBuildFile; fileRef = 376DAE6B212096590040B3D8 /* SignUpViewPresenter.swift */; };
		376DAE6E212096B70040B3D8 /* SignUpViewModel.swift in Sources */ = {isa = PBXBuildFile; fileRef = 376DAE6D212096B70040B3D8 /* SignUpViewModel.swift */; };
		376DAE70212097540040B3D8 /* SignUpViewController.swift in Sources */ = {isa = PBXBuildFile; fileRef = 376DAE6F212097540040B3D8 /* SignUpViewController.swift */; };
		376DAE722120A8630040B3D8 /* API.swift in Sources */ = {isa = PBXBuildFile; fileRef = 376DAE712120A8630040B3D8 /* API.swift */; };
		376DAE7F212166BB0040B3D8 /* SmokeOverViewController.swift in Sources */ = {isa = PBXBuildFile; fileRef = 376DAE7B212166BB0040B3D8 /* SmokeOverViewController.swift */; };
		376DAE80212166BB0040B3D8 /* SmokeOverViewPresenter.swift in Sources */ = {isa = PBXBuildFile; fileRef = 376DAE7C212166BB0040B3D8 /* SmokeOverViewPresenter.swift */; };
		376DAE82212166BB0040B3D8 /* SmokeOverViewModel.swift in Sources */ = {isa = PBXBuildFile; fileRef = 376DAE7E212166BB0040B3D8 /* SmokeOverViewModel.swift */; };
		376DAE842121682A0040B3D8 /* SmokeOverViewEntity.swift in Sources */ = {isa = PBXBuildFile; fileRef = 376DAE832121682A0040B3D8 /* SmokeOverViewEntity.swift */; };
		37846A8D215E739400C934FF /* SettingTopViewController.swift in Sources */ = {isa = PBXBuildFile; fileRef = 37846A8C215E739400C934FF /* SettingTopViewController.swift */; };
		379B054F2121ECE7002D72FA /* SmokeListViewPresenter.swift in Sources */ = {isa = PBXBuildFile; fileRef = 379B054C2121ECE5002D72FA /* SmokeListViewPresenter.swift */; };
		379B05502121ECE7002D72FA /* SmokeListViewModel.swift in Sources */ = {isa = PBXBuildFile; fileRef = 379B054D2121ECE6002D72FA /* SmokeListViewModel.swift */; };
		379B05512121ECE7002D72FA /* SmokeListViewController.swift in Sources */ = {isa = PBXBuildFile; fileRef = 379B054E2121ECE7002D72FA /* SmokeListViewController.swift */; };
		37B69EA81FFC1790006E6B09 /* Extensions.swift in Sources */ = {isa = PBXBuildFile; fileRef = 37B69EA71FFC1790006E6B09 /* Extensions.swift */; };
		37B69EAC1FFC1F31006E6B09 /* Setting.swift in Sources */ = {isa = PBXBuildFile; fileRef = 37B69EAB1FFC1F31006E6B09 /* Setting.swift */; };
		EAEE5979EF848BD5650722CE /* Pods_sumolog.framework in Frameworks */ = {isa = PBXBuildFile; fileRef = EAF33FF848C67B5DE3B6E86E /* Pods_sumolog.framework */; };
/* End PBXBuildFile section */

/* Begin PBXFileReference section */
		3719E96E1FA0591500E054EC /* sumolog.app */ = {isa = PBXFileReference; explicitFileType = wrapper.application; includeInIndex = 0; path = sumolog.app; sourceTree = BUILT_PRODUCTS_DIR; };
		3719E9711FA0591500E054EC /* AppDelegate.swift */ = {isa = PBXFileReference; lastKnownFileType = sourcecode.swift; path = AppDelegate.swift; sourceTree = "<group>"; };
		3719E9781FA0591500E054EC /* Base */ = {isa = PBXFileReference; lastKnownFileType = file.storyboard; name = Base; path = Base.lproj/Main.storyboard; sourceTree = "<group>"; };
		3719E97A1FA0591500E054EC /* Assets.xcassets */ = {isa = PBXFileReference; lastKnownFileType = folder.assetcatalog; path = Assets.xcassets; sourceTree = "<group>"; };
		3719E97D1FA0591500E054EC /* Base */ = {isa = PBXFileReference; lastKnownFileType = file.storyboard; name = Base; path = Base.lproj/LaunchScreen.storyboard; sourceTree = "<group>"; };
		3719E97F1FA0591500E054EC /* Info.plist */ = {isa = PBXFileReference; lastKnownFileType = text.plist.xml; path = Info.plist; sourceTree = "<group>"; };
		3730C26E1FFB5B0F00184D2B /* Enum.swift */ = {isa = PBXFileReference; lastKnownFileType = sourcecode.swift; path = Enum.swift; sourceTree = "<group>"; };
		3730C2721FFB713600184D2B /* Utility.swift */ = {isa = PBXFileReference; lastKnownFileType = sourcecode.swift; path = Utility.swift; sourceTree = "<group>"; };
		373515DD212550C400F2193A /* AddsViewModel.swift */ = {isa = PBXFileReference; fileEncoding = 4; lastKnownFileType = sourcecode.swift; path = AddsViewModel.swift; sourceTree = "<group>"; };
		373515DE212550C400F2193A /* AddsViewPresenter.swift */ = {isa = PBXFileReference; fileEncoding = 4; lastKnownFileType = sourcecode.swift; path = AddsViewPresenter.swift; sourceTree = "<group>"; };
		373515DF212550C400F2193A /* AddsViewController.swift */ = {isa = PBXFileReference; fileEncoding = 4; lastKnownFileType = sourcecode.swift; path = AddsViewController.swift; sourceTree = "<group>"; };
		374AA6CB215E068D00E37686 /* PrivacyPolicyViewController.swift */ = {isa = PBXFileReference; fileEncoding = 4; lastKnownFileType = sourcecode.swift; path = PrivacyPolicyViewController.swift; sourceTree = "<group>"; };
		374AA6CC215E068D00E37686 /* PrivacyPolicyViewModel.swift */ = {isa = PBXFileReference; fileEncoding = 4; lastKnownFileType = sourcecode.swift; path = PrivacyPolicyViewModel.swift; sourceTree = "<group>"; };
		374AA6CD215E068D00E37686 /* PrivacyPolicyViewPresenter.swift */ = {isa = PBXFileReference; fileEncoding = 4; lastKnownFileType = sourcecode.swift; path = PrivacyPolicyViewPresenter.swift; sourceTree = "<group>"; };
		374AA6D2215E0C4F00E37686 /* ContactViewModel.swift */ = {isa = PBXFileReference; fileEncoding = 4; lastKnownFileType = sourcecode.swift; path = ContactViewModel.swift; sourceTree = "<group>"; };
		374AA6D3215E0C4F00E37686 /* ContactViewPresenter.swift */ = {isa = PBXFileReference; fileEncoding = 4; lastKnownFileType = sourcecode.swift; path = ContactViewPresenter.swift; sourceTree = "<group>"; };
		374AA6D4215E0C4F00E37686 /* ContactViewController.swift */ = {isa = PBXFileReference; fileEncoding = 4; lastKnownFileType = sourcecode.swift; path = ContactViewController.swift; sourceTree = "<group>"; };
		375F962F212292C900781A13 /* SmokeDataEditModel.swift */ = {isa = PBXFileReference; fileEncoding = 4; lastKnownFileType = sourcecode.swift; path = SmokeDataEditModel.swift; sourceTree = "<group>"; };
		375F9630212292C900781A13 /* SmokeListEditViewController.swift */ = {isa = PBXFileReference; fileEncoding = 4; lastKnownFileType = sourcecode.swift; path = SmokeListEditViewController.swift; sourceTree = "<group>"; };
		375F9631212292CA00781A13 /* SmokeDataEditPresenter.swift */ = {isa = PBXFileReference; fileEncoding = 4; lastKnownFileType = sourcecode.swift; path = SmokeDataEditPresenter.swift; sourceTree = "<group>"; };
		375F96372123671800781A13 /* ja */ = {isa = PBXFileReference; lastKnownFileType = text.plist.strings; name = ja; path = ja.lproj/Main.strings; sourceTree = "<group>"; };
		375F96382123671800781A13 /* ja */ = {isa = PBXFileReference; lastKnownFileType = text.plist.strings; name = ja; path = ja.lproj/LaunchScreen.strings; sourceTree = "<group>"; };
		3766A0DD215ED06300530A73 /* UserSettingViewPresenter.swift */ = {isa = PBXFileReference; fileEncoding = 4; lastKnownFileType = sourcecode.swift; path = UserSettingViewPresenter.swift; sourceTree = "<group>"; };
		3766A0DE215ED06300530A73 /* UserSettingViewModel.swift */ = {isa = PBXFileReference; fileEncoding = 4; lastKnownFileType = sourcecode.swift; path = UserSettingViewModel.swift; sourceTree = "<group>"; };
		3766A0DF215ED06300530A73 /* UserSettingViewController.swift */ = {isa = PBXFileReference; fileEncoding = 4; lastKnownFileType = sourcecode.swift; path = UserSettingViewController.swift; sourceTree = "<group>"; };
		3766A0E3215ED1B400530A73 /* UserSettingViewEntity.swift */ = {isa = PBXFileReference; fileEncoding = 4; lastKnownFileType = sourcecode.swift; path = UserSettingViewEntity.swift; sourceTree = "<group>"; };
		3766A0E5215EDAE900530A73 /* SensorSettingViewEntity.swift */ = {isa = PBXFileReference; fileEncoding = 4; lastKnownFileType = sourcecode.swift; path = SensorSettingViewEntity.swift; sourceTree = "<group>"; };
		3766A0E6215EDAE900530A73 /* SensorSettingViewModel.swift */ = {isa = PBXFileReference; fileEncoding = 4; lastKnownFileType = sourcecode.swift; path = SensorSettingViewModel.swift; sourceTree = "<group>"; };
		3766A0E7215EDAE900530A73 /* SensorSettingViewController.swift */ = {isa = PBXFileReference; fileEncoding = 4; lastKnownFileType = sourcecode.swift; path = SensorSettingViewController.swift; sourceTree = "<group>"; };
		3766A0E8215EDAE900530A73 /* SensorSettingViewPresenter.swift */ = {isa = PBXFileReference; fileEncoding = 4; lastKnownFileType = sourcecode.swift; path = SensorSettingViewPresenter.swift; sourceTree = "<group>"; };
		376DAE6B212096590040B3D8 /* SignUpViewPresenter.swift */ = {isa = PBXFileReference; lastKnownFileType = sourcecode.swift; path = SignUpViewPresenter.swift; sourceTree = "<group>"; };
		376DAE6D212096B70040B3D8 /* SignUpViewModel.swift */ = {isa = PBXFileReference; lastKnownFileType = sourcecode.swift; path = SignUpViewModel.swift; sourceTree = "<group>"; };
		376DAE6F212097540040B3D8 /* SignUpViewController.swift */ = {isa = PBXFileReference; lastKnownFileType = sourcecode.swift; path = SignUpViewController.swift; sourceTree = "<group>"; };
		376DAE712120A8630040B3D8 /* API.swift */ = {isa = PBXFileReference; lastKnownFileType = sourcecode.swift; path = API.swift; sourceTree = "<group>"; };
		376DAE7B212166BB0040B3D8 /* SmokeOverViewController.swift */ = {isa = PBXFileReference; fileEncoding = 4; lastKnownFileType = sourcecode.swift; path = SmokeOverViewController.swift; sourceTree = "<group>"; };
		376DAE7C212166BB0040B3D8 /* SmokeOverViewPresenter.swift */ = {isa = PBXFileReference; fileEncoding = 4; lastKnownFileType = sourcecode.swift; path = SmokeOverViewPresenter.swift; sourceTree = "<group>"; };
		376DAE7E212166BB0040B3D8 /* SmokeOverViewModel.swift */ = {isa = PBXFileReference; fileEncoding = 4; lastKnownFileType = sourcecode.swift; path = SmokeOverViewModel.swift; sourceTree = "<group>"; };
		376DAE832121682A0040B3D8 /* SmokeOverViewEntity.swift */ = {isa = PBXFileReference; lastKnownFileType = sourcecode.swift; path = SmokeOverViewEntity.swift; sourceTree = "<group>"; };
		37846A8C215E739400C934FF /* SettingTopViewController.swift */ = {isa = PBXFileReference; fileEncoding = 4; lastKnownFileType = sourcecode.swift; path = SettingTopViewController.swift; sourceTree = "<group>"; };
		379B054C2121ECE5002D72FA /* SmokeListViewPresenter.swift */ = {isa = PBXFileReference; fileEncoding = 4; lastKnownFileType = sourcecode.swift; path = SmokeListViewPresenter.swift; sourceTree = "<group>"; };
		379B054D2121ECE6002D72FA /* SmokeListViewModel.swift */ = {isa = PBXFileReference; fileEncoding = 4; lastKnownFileType = sourcecode.swift; path = SmokeListViewModel.swift; sourceTree = "<group>"; };
		379B054E2121ECE7002D72FA /* SmokeListViewController.swift */ = {isa = PBXFileReference; fileEncoding = 4; lastKnownFileType = sourcecode.swift; path = SmokeListViewController.swift; sourceTree = "<group>"; };
		379B4A7B202C220E005697F3 /* sumolog.entitlements */ = {isa = PBXFileReference; lastKnownFileType = text.plist.entitlements; path = sumolog.entitlements; sourceTree = "<group>"; };
		37B69EA71FFC1790006E6B09 /* Extensions.swift */ = {isa = PBXFileReference; lastKnownFileType = sourcecode.swift; path = Extensions.swift; sourceTree = "<group>"; };
		37B69EAB1FFC1F31006E6B09 /* Setting.swift */ = {isa = PBXFileReference; lastKnownFileType = sourcecode.swift; path = Setting.swift; sourceTree = "<group>"; };
		8BD63810A3E31146B7C9796F /* Pods-sumolog.debug.xcconfig */ = {isa = PBXFileReference; includeInIndex = 1; lastKnownFileType = text.xcconfig; name = "Pods-sumolog.debug.xcconfig"; path = "Pods/Target Support Files/Pods-sumolog/Pods-sumolog.debug.xcconfig"; sourceTree = "<group>"; };
		C31DFB5548C3E0F4F6C5F4E6 /* Pods-sumolog.release.xcconfig */ = {isa = PBXFileReference; includeInIndex = 1; lastKnownFileType = text.xcconfig; name = "Pods-sumolog.release.xcconfig"; path = "Pods/Target Support Files/Pods-sumolog/Pods-sumolog.release.xcconfig"; sourceTree = "<group>"; };
		EAF33FF848C67B5DE3B6E86E /* Pods_sumolog.framework */ = {isa = PBXFileReference; explicitFileType = wrapper.framework; includeInIndex = 0; path = Pods_sumolog.framework; sourceTree = BUILT_PRODUCTS_DIR; };
/* End PBXFileReference section */

/* Begin PBXFrameworksBuildPhase section */
		3719E96B1FA0591500E054EC /* Frameworks */ = {
			isa = PBXFrameworksBuildPhase;
			buildActionMask = 2147483647;
			files = (
				EAEE5979EF848BD5650722CE /* Pods_sumolog.framework in Frameworks */,
			);
			runOnlyForDeploymentPostprocessing = 0;
		};
/* End PBXFrameworksBuildPhase section */

/* Begin PBXGroup section */
		3719E9651FA0591500E054EC = {
			isa = PBXGroup;
			children = (
				3719E9701FA0591500E054EC /* sumolog */,
				3719E96F1FA0591500E054EC /* Products */,
				E27C133A5CF0507284934A3F /* Pods */,
				49982238021F3C136B9C9F0D /* Frameworks */,
			);
			sourceTree = "<group>";
		};
		3719E96F1FA0591500E054EC /* Products */ = {
			isa = PBXGroup;
			children = (
				3719E96E1FA0591500E054EC /* sumolog.app */,
			);
			name = Products;
			sourceTree = "<group>";
		};
		3719E9701FA0591500E054EC /* sumolog */ = {
			isa = PBXGroup;
			children = (
				379B4A7B202C220E005697F3 /* sumolog.entitlements */,
				375525D32022F9450097A589 /* SignUp */,
				377E92C02022F9070033F9C2 /* Setting */,
				377E92BF2022F8FA0033F9C2 /* OverView */,
				377E92BE2022F8E20033F9C2 /* List */,
				3719E9711FA0591500E054EC /* AppDelegate.swift */,
				3719E9771FA0591500E054EC /* Main.storyboard */,
				3719E97A1FA0591500E054EC /* Assets.xcassets */,
				3719E97C1FA0591500E054EC /* LaunchScreen.storyboard */,
				3719E97F1FA0591500E054EC /* Info.plist */,
				3730C26E1FFB5B0F00184D2B /* Enum.swift */,
				3730C2721FFB713600184D2B /* Utility.swift */,
				37B69EA71FFC1790006E6B09 /* Extensions.swift */,
				37B69EAB1FFC1F31006E6B09 /* Setting.swift */,
				376DAE712120A8630040B3D8 /* API.swift */,
			);
			path = sumolog;
			sourceTree = "<group>";
		};
		373515DC21254A5300F2193A /* Adds */ = {
			isa = PBXGroup;
			children = (
				373515DF212550C400F2193A /* AddsViewController.swift */,
				373515DE212550C400F2193A /* AddsViewPresenter.swift */,
				373515DD212550C400F2193A /* AddsViewModel.swift */,
			);
			path = Adds;
			sourceTree = "<group>";
		};
		374AA6CA215E055D00E37686 /* PrivacyPolicy */ = {
			isa = PBXGroup;
			children = (
				374AA6CB215E068D00E37686 /* PrivacyPolicyViewController.swift */,
				374AA6CD215E068D00E37686 /* PrivacyPolicyViewPresenter.swift */,
				374AA6CC215E068D00E37686 /* PrivacyPolicyViewModel.swift */,
			);
			path = PrivacyPolicy;
			sourceTree = "<group>";
		};
		374AA6D1215E0C2000E37686 /* Contact */ = {
			isa = PBXGroup;
			children = (
				374AA6D4215E0C4F00E37686 /* ContactViewController.swift */,
				374AA6D3215E0C4F00E37686 /* ContactViewPresenter.swift */,
				374AA6D2215E0C4F00E37686 /* ContactViewModel.swift */,
			);
			path = Contact;
			sourceTree = "<group>";
		};
		375525D32022F9450097A589 /* SignUp */ = {
			isa = PBXGroup;
			children = (
				376DAE6F212097540040B3D8 /* SignUpViewController.swift */,
				376DAE6B212096590040B3D8 /* SignUpViewPresenter.swift */,
				376DAE6D212096B70040B3D8 /* SignUpViewModel.swift */,
			);
			path = SignUp;
			sourceTree = "<group>";
		};
		3762032B218EF7BE0013D98E /* Top */ = {
			isa = PBXGroup;
			children = (
				379B054E2121ECE7002D72FA /* SmokeListViewController.swift */,
				379B054C2121ECE5002D72FA /* SmokeListViewPresenter.swift */,
				379B054D2121ECE6002D72FA /* SmokeListViewModel.swift */,
			);
			path = Top;
			sourceTree = "<group>";
		};
		377E92BE2022F8E20033F9C2 /* List */ = {
			isa = PBXGroup;
			children = (
				379B054B2121EC87002D72FA /* Edit */,
				379B054A2121EC77002D72FA /* View */,
			);
			path = List;
			sourceTree = "<group>";
		};
		377E92BF2022F8FA0033F9C2 /* OverView */ = {
			isa = PBXGroup;
			children = (
				376DAE7B212166BB0040B3D8 /* SmokeOverViewController.swift */,
				376DAE7C212166BB0040B3D8 /* SmokeOverViewPresenter.swift */,
				376DAE7E212166BB0040B3D8 /* SmokeOverViewModel.swift */,
				376DAE832121682A0040B3D8 /* SmokeOverViewEntity.swift */,
			);
			path = OverView;
			sourceTree = "<group>";
		};
		377E92C02022F9070033F9C2 /* Setting */ = {
			isa = PBXGroup;
			children = (
				37846A89215E70A000C934FF /* Top */,
				37846A8A215E70D800C934FF /* User */,
				37846A8B215E714F00C934FF /* Sensor */,
				374AA6CA215E055D00E37686 /* PrivacyPolicy */,
				374AA6D1215E0C2000E37686 /* Contact */,
			);
			path = Setting;
			sourceTree = "<group>";
		};
		37846A89215E70A000C934FF /* Top */ = {
			isa = PBXGroup;
			children = (
				37846A8C215E739400C934FF /* SettingTopViewController.swift */,
			);
			path = Top;
			sourceTree = "<group>";
		};
		37846A8A215E70D800C934FF /* User */ = {
			isa = PBXGroup;
			children = (
				3766A0DF215ED06300530A73 /* UserSettingViewController.swift */,
				3766A0DD215ED06300530A73 /* UserSettingViewPresenter.swift */,
				3766A0DE215ED06300530A73 /* UserSettingViewModel.swift */,
				3766A0E3215ED1B400530A73 /* UserSettingViewEntity.swift */,
			);
			path = User;
			sourceTree = "<group>";
		};
		37846A8B215E714F00C934FF /* Sensor */ = {
			isa = PBXGroup;
			children = (
				3766A0E7215EDAE900530A73 /* SensorSettingViewController.swift */,
				3766A0E8215EDAE900530A73 /* SensorSettingViewPresenter.swift */,
				3766A0E6215EDAE900530A73 /* SensorSettingViewModel.swift */,
				3766A0E5215EDAE900530A73 /* SensorSettingViewEntity.swift */,
			);
			path = Sensor;
			sourceTree = "<group>";
		};
		379B054A2121EC77002D72FA /* View */ = {
			isa = PBXGroup;
			children = (
				3762032B218EF7BE0013D98E /* Top */,
				373515DC21254A5300F2193A /* Adds */,
			);
			path = View;
			sourceTree = "<group>";
		};
		379B054B2121EC87002D72FA /* Edit */ = {
			isa = PBXGroup;
			children = (
				375F9630212292C900781A13 /* SmokeListEditViewController.swift */,
				375F9631212292CA00781A13 /* SmokeDataEditPresenter.swift */,
				375F962F212292C900781A13 /* SmokeDataEditModel.swift */,
			);
			path = Edit;
			sourceTree = "<group>";
		};
		49982238021F3C136B9C9F0D /* Frameworks */ = {
			isa = PBXGroup;
			children = (
				EAF33FF848C67B5DE3B6E86E /* Pods_sumolog.framework */,
			);
			name = Frameworks;
			sourceTree = "<group>";
		};
		E27C133A5CF0507284934A3F /* Pods */ = {
			isa = PBXGroup;
			children = (
				8BD63810A3E31146B7C9796F /* Pods-sumolog.debug.xcconfig */,
				C31DFB5548C3E0F4F6C5F4E6 /* Pods-sumolog.release.xcconfig */,
			);
			name = Pods;
			sourceTree = "<group>";
		};
/* End PBXGroup section */

/* Begin PBXNativeTarget section */
		3719E96D1FA0591500E054EC /* sumolog */ = {
			isa = PBXNativeTarget;
			buildConfigurationList = 3719E9821FA0591500E054EC /* Build configuration list for PBXNativeTarget "sumolog" */;
			buildPhases = (
				E2D3D70692DA0C179F9EB116 /* [CP] Check Pods Manifest.lock */,
				3719E96A1FA0591500E054EC /* Sources */,
				3719E96B1FA0591500E054EC /* Frameworks */,
				3719E96C1FA0591500E054EC /* Resources */,
				EA1319BCB5372EAF90171CFE /* [CP] Embed Pods Frameworks */,
			);
			buildRules = (
			);
			dependencies = (
			);
			name = sumolog;
			productName = sumolog;
			productReference = 3719E96E1FA0591500E054EC /* sumolog.app */;
			productType = "com.apple.product-type.application";
		};
/* End PBXNativeTarget section */

/* Begin PBXProject section */
		3719E9661FA0591500E054EC /* Project object */ = {
			isa = PBXProject;
			attributes = {
				LastSwiftUpdateCheck = 0900;
				LastUpgradeCheck = 0940;
				ORGANIZATIONNAME = Kenta;
				TargetAttributes = {
					3719E96D1FA0591500E054EC = {
						CreatedOnToolsVersion = 9.0;
						ProvisioningStyle = Automatic;
						SystemCapabilities = {
							com.apple.Push = {
								enabled = 1;
							};
						};
					};
				};
			};
			buildConfigurationList = 3719E9691FA0591500E054EC /* Build configuration list for PBXProject "sumolog" */;
			compatibilityVersion = "Xcode 8.0";
			developmentRegion = en;
			hasScannedForEncodings = 0;
			knownRegions = (
				en,
				Base,
			);
			mainGroup = 3719E9651FA0591500E054EC;
			productRefGroup = 3719E96F1FA0591500E054EC /* Products */;
			projectDirPath = "";
			projectRoot = "";
			targets = (
				3719E96D1FA0591500E054EC /* sumolog */,
			);
		};
/* End PBXProject section */

/* Begin PBXResourcesBuildPhase section */
		3719E96C1FA0591500E054EC /* Resources */ = {
			isa = PBXResourcesBuildPhase;
			buildActionMask = 2147483647;
			files = (
				3719E97E1FA0591500E054EC /* LaunchScreen.storyboard in Resources */,
				3719E97B1FA0591500E054EC /* Assets.xcassets in Resources */,
				3719E9791FA0591500E054EC /* Main.storyboard in Resources */,
			);
			runOnlyForDeploymentPostprocessing = 0;
		};
/* End PBXResourcesBuildPhase section */

/* Begin PBXShellScriptBuildPhase section */
		E2D3D70692DA0C179F9EB116 /* [CP] Check Pods Manifest.lock */ = {
			isa = PBXShellScriptBuildPhase;
			buildActionMask = 2147483647;
			files = (
			);
			inputPaths = (
				"${PODS_PODFILE_DIR_PATH}/Podfile.lock",
				"${PODS_ROOT}/Manifest.lock",
			);
			name = "[CP] Check Pods Manifest.lock";
			outputPaths = (
				"$(DERIVED_FILE_DIR)/Pods-sumolog-checkManifestLockResult.txt",
			);
			runOnlyForDeploymentPostprocessing = 0;
			shellPath = /bin/sh;
			shellScript = "diff \"${PODS_PODFILE_DIR_PATH}/Podfile.lock\" \"${PODS_ROOT}/Manifest.lock\" > /dev/null\nif [ $? != 0 ] ; then\n    # print error to STDERR\n    echo \"error: The sandbox is not in sync with the Podfile.lock. Run 'pod install' or update your CocoaPods installation.\" >&2\n    exit 1\nfi\n# This output is used by Xcode 'outputs' to avoid re-running this script phase.\necho \"SUCCESS\" > \"${SCRIPT_OUTPUT_FILE_0}\"\n";
			showEnvVarsInLog = 0;
		};
		EA1319BCB5372EAF90171CFE /* [CP] Embed Pods Frameworks */ = {
			isa = PBXShellScriptBuildPhase;
			buildActionMask = 2147483647;
			files = (
			);
			inputPaths = (
				"${SRCROOT}/Pods/Target Support Files/Pods-sumolog/Pods-sumolog-frameworks.sh",
				"${BUILT_PRODUCTS_DIR}/Alamofire/Alamofire.framework",
				"${BUILT_PRODUCTS_DIR}/DynamicBlurView/DynamicBlurView.framework",
				"${BUILT_PRODUCTS_DIR}/Eureka/Eureka.framework",
				"${BUILT_PRODUCTS_DIR}/KeychainAccess/KeychainAccess.framework",
				"${BUILT_PRODUCTS_DIR}/PopupDialog/PopupDialog.framework",
				"${BUILT_PRODUCTS_DIR}/PromiseKit/PromiseKit.framework",
				"${BUILT_PRODUCTS_DIR}/ScrollableGraphView/ScrollableGraphView.framework",
				"${BUILT_PRODUCTS_DIR}/StatusProvider/StatusProvider.framework",
				"${BUILT_PRODUCTS_DIR}/SwiftyJSON/SwiftyJSON.framework",
				"${BUILT_PRODUCTS_DIR}/TinyConstraints/TinyConstraints.framework",
			);
			name = "[CP] Embed Pods Frameworks";
			outputPaths = (
				"${TARGET_BUILD_DIR}/${FRAMEWORKS_FOLDER_PATH}/Alamofire.framework",
				"${TARGET_BUILD_DIR}/${FRAMEWORKS_FOLDER_PATH}/DynamicBlurView.framework",
				"${TARGET_BUILD_DIR}/${FRAMEWORKS_FOLDER_PATH}/Eureka.framework",
				"${TARGET_BUILD_DIR}/${FRAMEWORKS_FOLDER_PATH}/KeychainAccess.framework",
				"${TARGET_BUILD_DIR}/${FRAMEWORKS_FOLDER_PATH}/PopupDialog.framework",
				"${TARGET_BUILD_DIR}/${FRAMEWORKS_FOLDER_PATH}/PromiseKit.framework",
				"${TARGET_BUILD_DIR}/${FRAMEWORKS_FOLDER_PATH}/ScrollableGraphView.framework",
				"${TARGET_BUILD_DIR}/${FRAMEWORKS_FOLDER_PATH}/StatusProvider.framework",
				"${TARGET_BUILD_DIR}/${FRAMEWORKS_FOLDER_PATH}/SwiftyJSON.framework",
				"${TARGET_BUILD_DIR}/${FRAMEWORKS_FOLDER_PATH}/TinyConstraints.framework",
			);
			runOnlyForDeploymentPostprocessing = 0;
			shellPath = /bin/sh;
			shellScript = "\"${SRCROOT}/Pods/Target Support Files/Pods-sumolog/Pods-sumolog-frameworks.sh\"\n";
			showEnvVarsInLog = 0;
		};
/* End PBXShellScriptBuildPhase section */

/* Begin PBXSourcesBuildPhase section */
		3719E96A1FA0591500E054EC /* Sources */ = {
			isa = PBXSourcesBuildPhase;
			buildActionMask = 2147483647;
			files = (
				3766A0EA215EDAE900530A73 /* SensorSettingViewModel.swift in Sources */,
				37B69EAC1FFC1F31006E6B09 /* Setting.swift in Sources */,
				374AA6D7215E0C4F00E37686 /* ContactViewController.swift in Sources */,
				374AA6CF215E068E00E37686 /* PrivacyPolicyViewModel.swift in Sources */,
				376DAE6E212096B70040B3D8 /* SignUpViewModel.swift in Sources */,
				376DAE80212166BB0040B3D8 /* SmokeOverViewPresenter.swift in Sources */,
				3730C2731FFB713600184D2B /* Utility.swift in Sources */,
				3766A0E4215ED1B400530A73 /* UserSettingViewEntity.swift in Sources */,
				375F9634212292CA00781A13 /* SmokeDataEditPresenter.swift in Sources */,
				374AA6D5215E0C4F00E37686 /* ContactViewModel.swift in Sources */,
				376DAE842121682A0040B3D8 /* SmokeOverViewEntity.swift in Sources */,
				376DAE722120A8630040B3D8 /* API.swift in Sources */,
				374AA6D6215E0C4F00E37686 /* ContactViewPresenter.swift in Sources */,
				37B69EA81FFC1790006E6B09 /* Extensions.swift in Sources */,
				3766A0E0215ED06300530A73 /* UserSettingViewPresenter.swift in Sources */,
				375F9633212292CA00781A13 /* SmokeListEditViewController.swift in Sources */,
				3766A0EB215EDAE900530A73 /* SensorSettingViewController.swift in Sources */,
				3766A0E9215EDAE900530A73 /* SensorSettingViewEntity.swift in Sources */,
				376DAE7F212166BB0040B3D8 /* SmokeOverViewController.swift in Sources */,
				3719E9721FA0591500E054EC /* AppDelegate.swift in Sources */,
				376DAE6C212096590040B3D8 /* SignUpViewPresenter.swift in Sources */,
				373515E0212550C400F2193A /* AddsViewModel.swift in Sources */,
				374AA6CE215E068E00E37686 /* PrivacyPolicyViewController.swift in Sources */,
				3766A0E2215ED06300530A73 /* UserSettingViewController.swift in Sources */,
				374AA6D0215E068E00E37686 /* PrivacyPolicyViewPresenter.swift in Sources */,
				375F9632212292CA00781A13 /* SmokeDataEditModel.swift in Sources */,
				379B05512121ECE7002D72FA /* SmokeListViewController.swift in Sources */,
				373515E2212550C400F2193A /* AddsViewController.swift in Sources */,
				376DAE70212097540040B3D8 /* SignUpViewController.swift in Sources */,
				3766A0E1215ED06300530A73 /* UserSettingViewModel.swift in Sources */,
				3730C26F1FFB5B0F00184D2B /* Enum.swift in Sources */,
				3766A0EC215EDAE900530A73 /* SensorSettingViewPresenter.swift in Sources */,
				376DAE82212166BB0040B3D8 /* SmokeOverViewModel.swift in Sources */,
				373515E1212550C400F2193A /* AddsViewPresenter.swift in Sources */,
				379B05502121ECE7002D72FA /* SmokeListViewModel.swift in Sources */,
				37846A8D215E739400C934FF /* SettingTopViewController.swift in Sources */,
				379B054F2121ECE7002D72FA /* SmokeListViewPresenter.swift in Sources */,
			);
			runOnlyForDeploymentPostprocessing = 0;
		};
/* End PBXSourcesBuildPhase section */

/* Begin PBXVariantGroup section */
		3719E9771FA0591500E054EC /* Main.storyboard */ = {
			isa = PBXVariantGroup;
			children = (
				3719E9781FA0591500E054EC /* Base */,
				375F96372123671800781A13 /* ja */,
			);
			name = Main.storyboard;
			sourceTree = "<group>";
		};
		3719E97C1FA0591500E054EC /* LaunchScreen.storyboard */ = {
			isa = PBXVariantGroup;
			children = (
				3719E97D1FA0591500E054EC /* Base */,
				375F96382123671800781A13 /* ja */,
			);
			name = LaunchScreen.storyboard;
			sourceTree = "<group>";
		};
/* End PBXVariantGroup section */

/* Begin XCBuildConfiguration section */
		3719E9801FA0591500E054EC /* Debug */ = {
			isa = XCBuildConfiguration;
			buildSettings = {
				ALWAYS_SEARCH_USER_PATHS = NO;
				CLANG_ANALYZER_LOCALIZABILITY_NONLOCALIZED = YES;
				CLANG_ANALYZER_NONNULL = YES;
				CLANG_ANALYZER_NUMBER_OBJECT_CONVERSION = YES_AGGRESSIVE;
				CLANG_CXX_LANGUAGE_STANDARD = "gnu++14";
				CLANG_CXX_LIBRARY = "libc++";
				CLANG_ENABLE_MODULES = YES;
				CLANG_ENABLE_OBJC_ARC = YES;
				CLANG_WARN_BLOCK_CAPTURE_AUTORELEASING = YES;
				CLANG_WARN_BOOL_CONVERSION = YES;
				CLANG_WARN_COMMA = YES;
				CLANG_WARN_CONSTANT_CONVERSION = YES;
				CLANG_WARN_DEPRECATED_OBJC_IMPLEMENTATIONS = YES;
				CLANG_WARN_DIRECT_OBJC_ISA_USAGE = YES_ERROR;
				CLANG_WARN_DOCUMENTATION_COMMENTS = YES;
				CLANG_WARN_EMPTY_BODY = YES;
				CLANG_WARN_ENUM_CONVERSION = YES;
				CLANG_WARN_INFINITE_RECURSION = YES;
				CLANG_WARN_INT_CONVERSION = YES;
				CLANG_WARN_NON_LITERAL_NULL_CONVERSION = YES;
				CLANG_WARN_OBJC_IMPLICIT_RETAIN_SELF = YES;
				CLANG_WARN_OBJC_LITERAL_CONVERSION = YES;
				CLANG_WARN_OBJC_ROOT_CLASS = YES_ERROR;
				CLANG_WARN_RANGE_LOOP_ANALYSIS = YES;
				CLANG_WARN_STRICT_PROTOTYPES = YES;
				CLANG_WARN_SUSPICIOUS_MOVE = YES;
				CLANG_WARN_UNGUARDED_AVAILABILITY = YES_AGGRESSIVE;
				CLANG_WARN_UNREACHABLE_CODE = YES;
				CLANG_WARN__DUPLICATE_METHOD_MATCH = YES;
				CODE_SIGN_IDENTITY = "iPhone Developer";
				COPY_PHASE_STRIP = NO;
				DEBUG_INFORMATION_FORMAT = dwarf;
				ENABLE_STRICT_OBJC_MSGSEND = YES;
				ENABLE_TESTABILITY = YES;
				GCC_C_LANGUAGE_STANDARD = gnu11;
				GCC_DYNAMIC_NO_PIC = NO;
				GCC_NO_COMMON_BLOCKS = YES;
				GCC_OPTIMIZATION_LEVEL = 0;
				GCC_PREPROCESSOR_DEFINITIONS = (
					"DEBUG=1",
					"$(inherited)",
				);
				GCC_WARN_64_TO_32_BIT_CONVERSION = YES;
				GCC_WARN_ABOUT_RETURN_TYPE = YES_ERROR;
				GCC_WARN_UNDECLARED_SELECTOR = YES;
				GCC_WARN_UNINITIALIZED_AUTOS = YES_AGGRESSIVE;
				GCC_WARN_UNUSED_FUNCTION = YES;
				GCC_WARN_UNUSED_VARIABLE = YES;
				IPHONEOS_DEPLOYMENT_TARGET = 11.0;
				MTL_ENABLE_DEBUG_INFO = YES;
				ONLY_ACTIVE_ARCH = YES;
				SDKROOT = iphoneos;
				SWIFT_ACTIVE_COMPILATION_CONDITIONS = DEBUG;
				SWIFT_OPTIMIZATION_LEVEL = "-Onone";
			};
			name = Debug;
		};
		3719E9811FA0591500E054EC /* Release */ = {
			isa = XCBuildConfiguration;
			buildSettings = {
				ALWAYS_SEARCH_USER_PATHS = NO;
				CLANG_ANALYZER_LOCALIZABILITY_NONLOCALIZED = YES;
				CLANG_ANALYZER_NONNULL = YES;
				CLANG_ANALYZER_NUMBER_OBJECT_CONVERSION = YES_AGGRESSIVE;
				CLANG_CXX_LANGUAGE_STANDARD = "gnu++14";
				CLANG_CXX_LIBRARY = "libc++";
				CLANG_ENABLE_MODULES = YES;
				CLANG_ENABLE_OBJC_ARC = YES;
				CLANG_WARN_BLOCK_CAPTURE_AUTORELEASING = YES;
				CLANG_WARN_BOOL_CONVERSION = YES;
				CLANG_WARN_COMMA = YES;
				CLANG_WARN_CONSTANT_CONVERSION = YES;
				CLANG_WARN_DEPRECATED_OBJC_IMPLEMENTATIONS = YES;
				CLANG_WARN_DIRECT_OBJC_ISA_USAGE = YES_ERROR;
				CLANG_WARN_DOCUMENTATION_COMMENTS = YES;
				CLANG_WARN_EMPTY_BODY = YES;
				CLANG_WARN_ENUM_CONVERSION = YES;
				CLANG_WARN_INFINITE_RECURSION = YES;
				CLANG_WARN_INT_CONVERSION = YES;
				CLANG_WARN_NON_LITERAL_NULL_CONVERSION = YES;
				CLANG_WARN_OBJC_IMPLICIT_RETAIN_SELF = YES;
				CLANG_WARN_OBJC_LITERAL_CONVERSION = YES;
				CLANG_WARN_OBJC_ROOT_CLASS = YES_ERROR;
				CLANG_WARN_RANGE_LOOP_ANALYSIS = YES;
				CLANG_WARN_STRICT_PROTOTYPES = YES;
				CLANG_WARN_SUSPICIOUS_MOVE = YES;
				CLANG_WARN_UNGUARDED_AVAILABILITY = YES_AGGRESSIVE;
				CLANG_WARN_UNREACHABLE_CODE = YES;
				CLANG_WARN__DUPLICATE_METHOD_MATCH = YES;
				CODE_SIGN_IDENTITY = "iPhone Developer";
				COPY_PHASE_STRIP = NO;
				DEBUG_INFORMATION_FORMAT = "dwarf-with-dsym";
				ENABLE_NS_ASSERTIONS = NO;
				ENABLE_STRICT_OBJC_MSGSEND = YES;
				GCC_C_LANGUAGE_STANDARD = gnu11;
				GCC_NO_COMMON_BLOCKS = YES;
				GCC_WARN_64_TO_32_BIT_CONVERSION = YES;
				GCC_WARN_ABOUT_RETURN_TYPE = YES_ERROR;
				GCC_WARN_UNDECLARED_SELECTOR = YES;
				GCC_WARN_UNINITIALIZED_AUTOS = YES_AGGRESSIVE;
				GCC_WARN_UNUSED_FUNCTION = YES;
				GCC_WARN_UNUSED_VARIABLE = YES;
				IPHONEOS_DEPLOYMENT_TARGET = 11.0;
				MTL_ENABLE_DEBUG_INFO = NO;
				SDKROOT = iphoneos;
				SWIFT_OPTIMIZATION_LEVEL = "-Owholemodule";
				VALIDATE_PRODUCT = YES;
			};
			name = Release;
		};
		3719E9831FA0591500E054EC /* Debug */ = {
			isa = XCBuildConfiguration;
			baseConfigurationReference = 8BD63810A3E31146B7C9796F /* Pods-sumolog.debug.xcconfig */;
			buildSettings = {
				ASSETCATALOG_COMPILER_APPICON_NAME = AppIcon;
				ASSETCATALOG_COMPILER_LAUNCHIMAGE_NAME = LaunchImage;
				CODE_SIGN_ENTITLEMENTS = sumolog/sumolog.entitlements;
				"CODE_SIGN_IDENTITY[sdk=iphoneos*]" = "iPhone Developer";
				CODE_SIGN_STYLE = Automatic;
				DEVELOPMENT_TEAM = TLVYAZUQZL;
				INFOPLIST_FILE = sumolog/Info.plist;
				LD_RUNPATH_SEARCH_PATHS = "$(inherited) @executable_path/Frameworks";
				PRODUCT_BUNDLE_IDENTIFIER = com.Kenta.sumolog;
				PRODUCT_NAME = "$(TARGET_NAME)";
				PROVISIONING_PROFILE_SPECIFIER = "";
				SWIFT_VERSION = 4.0;
				TARGETED_DEVICE_FAMILY = 1;
			};
			name = Debug;
		};
		3719E9841FA0591500E054EC /* Release */ = {
			isa = XCBuildConfiguration;
			baseConfigurationReference = C31DFB5548C3E0F4F6C5F4E6 /* Pods-sumolog.release.xcconfig */;
			buildSettings = {
				ASSETCATALOG_COMPILER_APPICON_NAME = AppIcon;
				ASSETCATALOG_COMPILER_LAUNCHIMAGE_NAME = LaunchImage;
				CODE_SIGN_ENTITLEMENTS = sumolog/sumolog.entitlements;
				"CODE_SIGN_IDENTITY[sdk=iphoneos*]" = "iPhone Developer";
				CODE_SIGN_STYLE = Automatic;
				DEVELOPMENT_TEAM = TLVYAZUQZL;
				INFOPLIST_FILE = sumolog/Info.plist;
				LD_RUNPATH_SEARCH_PATHS = "$(inherited) @executable_path/Frameworks";
				PRODUCT_BUNDLE_IDENTIFIER = com.Kenta.sumolog;
				PRODUCT_NAME = "$(TARGET_NAME)";
				PROVISIONING_PROFILE_SPECIFIER = "";
				SWIFT_VERSION = 4.0;
				TARGETED_DEVICE_FAMILY = 1;
			};
			name = Release;
		};
/* End XCBuildConfiguration section */

/* Begin XCConfigurationList section */
		3719E9691FA0591500E054EC /* Build configuration list for PBXProject "sumolog" */ = {
			isa = XCConfigurationList;
			buildConfigurations = (
				3719E9801FA0591500E054EC /* Debug */,
				3719E9811FA0591500E054EC /* Release */,
			);
			defaultConfigurationIsVisible = 0;
			defaultConfigurationName = Release;
		};
		3719E9821FA0591500E054EC /* Build configuration list for PBXNativeTarget "sumolog" */ = {
			isa = XCConfigurationList;
			buildConfigurations = (
				3719E9831FA0591500E054EC /* Debug */,
				3719E9841FA0591500E054EC /* Release */,
			);
			defaultConfigurationIsVisible = 0;
			defaultConfigurationName = Release;
		};
/* End XCConfigurationList section */
	};
	rootObject = 3719E9661FA0591500E054EC /* Project object */;
}
