PODS:
  - Alamofire (4.7.3)
  - DynamicBlurView (2.0.2)
  - Eureka (4.2.0)
  - KeychainAccess (3.1.1)
  - PopupDialog (0.8.1):
    - DynamicBlurView (~> 2.0)
  - PromiseKit (6.4.0):
    - PromiseKit/CorePromise (= 6.4.0)
    - PromiseKit/Foundation (= 6.4.0)
    - PromiseKit/UIKit (= 6.4.0)
  - PromiseKit/CorePromise (6.4.0)
  - PromiseKit/Foundation (6.4.0):
    - PromiseKit/CorePromise
  - PromiseKit/UIKit (6.4.0):
    - PromiseKit/CorePromise
  - ScrollableGraphView (4.0.5)
  - StatusProvider (1.2.10)
  - SwiftyJSON (4.1.0)
  - TinyConstraints (2.2.0)

DEPENDENCIES:
  - Alamofire
  - Eureka
  - KeychainAccess
  - PopupDialog (~> 0.8)
  - PromiseKit
  - ScrollableGraphView (~> 4.0)
  - StatusProvider
  - SwiftyJSON
  - TinyConstraints (from `https://github.com/roberthein/TinyConstraints.git`, branch `release/swift-4`)

SPEC REPOS:
  https://github.com/cocoapods/specs.git:
    - Alamofire
    - DynamicBlurView
    - Eureka
    - KeychainAccess
    - PopupDialog
    - PromiseKit
    - ScrollableGraphView
    - StatusProvider
    - SwiftyJSON

EXTERNAL SOURCES:
  TinyConstraints:
    :branch: release/swift-4
    :git: https://github.com/roberthein/TinyConstraints.git

CHECKOUT OPTIONS:
  TinyConstraints:
    :commit: ce84b36202ddddf484883fbce3ec61d585e62127
    :git: https://github.com/roberthein/TinyConstraints.git

SPEC CHECKSUMS:
  Alamofire: c7287b6e5d7da964a70935e5db17046b7fde6568
  DynamicBlurView: aa6db4defc6e537eb86fc5e58dd3991666178399
  Eureka: 0748c7bbb2560130e43c7bfa83e99c98854a1f42
  KeychainAccess: 7bd430028059754a3debab3cfc0bd1fc7fb85df3
  PopupDialog: 3d4e8e0795c3a614f407d730986c9b9af9781123
  PromiseKit: ae3616f45d7bb9bf4ff1e91abc9b7a8c48a340e0
  ScrollableGraphView: 6386dbae8d92e8ec9fda9f386f2ba6e2c90c59a3
  StatusProvider: 53f64deb452d619091b1a606a0973a724db17d0d
  SwiftyJSON: c29297daf073d2aa016295d5809cdd68045c39b3
  TinyConstraints: 5eaf849b075c9d73c6a55b6ea33039fff03a8c84

PODFILE CHECKSUM: 726e2c719cc01f55f287989af38c26bec6bc1fe0

COCOAPODS: 1.5.3
