PODS:
  - Alamofire (4.6.0)
  - DynamicBlurView (2.0.2)
  - Eureka (4.2.0)
  - KeychainAccess (3.1.0)
  - PopupDialog (0.8.1):
    - DynamicBlurView (~> 2.0)
  - PromiseKit (6.2.3):
    - PromiseKit/CorePromise (= 6.2.3)
    - PromiseKit/Foundation (= 6.2.3)
    - PromiseKit/UIKit (= 6.2.3)
  - PromiseKit/CorePromise (6.2.3)
  - PromiseKit/Foundation (6.2.3):
    - PromiseKit/CorePromise
  - PromiseKit/UIKit (6.2.3):
    - PromiseKit/CorePromise
  - ScrollableGraphView (4.0.5)
  - StatusProvider (1.2.6)
  - SwiftyJSON (4.0.0)
  - TinyConstraints (2.2.0)

DEPENDENCIES:
  - Alamofire (~> 4.5)
  - Eureka
  - KeychainAccess
  - PopupDialog (~> 0.8)
  - PromiseKit (~> 6.0)
  - ScrollableGraphView (~> 4.0)
  - StatusProvider
  - SwiftyJSON
  - TinyConstraints (from `https://github.com/roberthein/TinyConstraints.git`, branch `release/swift-4`)

SPEC REPOS:
  https://github.com/cocoapods/specs.git:
    - Alamofire
    - DynamicBlurView
    - Eureka
    - KeychainAccess
    - PopupDialog
    - PromiseKit
    - ScrollableGraphView
    - StatusProvider
    - SwiftyJSON

EXTERNAL SOURCES:
  TinyConstraints:
    :branch: release/swift-4
    :git: https://github.com/roberthein/TinyConstraints.git

CHECKOUT OPTIONS:
  TinyConstraints:
    :commit: ce84b36202ddddf484883fbce3ec61d585e62127
    :git: https://github.com/roberthein/TinyConstraints.git

SPEC CHECKSUMS:
  Alamofire: f41a599bd63041760b26d393ec1069d9d7b917f4
  DynamicBlurView: aa6db4defc6e537eb86fc5e58dd3991666178399
  Eureka: 0748c7bbb2560130e43c7bfa83e99c98854a1f42
  KeychainAccess: 94c5540b32eabf7bc32bfb976a268e8ea05fd6da
  PopupDialog: 3d4e8e0795c3a614f407d730986c9b9af9781123
  PromiseKit: 62f37bb4900a9b0b7550d017e41497171d93face
  ScrollableGraphView: 6386dbae8d92e8ec9fda9f386f2ba6e2c90c59a3
  StatusProvider: b2c794d71f7166516950098e811e91ddbcc8d030
  SwiftyJSON: 070dabdcb1beb81b247c65ffa3a79dbbfb3b48aa
  TinyConstraints: 5eaf849b075c9d73c6a55b6ea33039fff03a8c84

PODFILE CHECKSUM: 184284a9ea7fa375cbce623846f22496cf0501d6

COCOAPODS: 1.5.3
